
Microsoft Visual Studio Solution File, Format Version 12.00
# Visual Studio Version 16
VisualStudioVersion = 16.0.30503.244
MinimumVisualStudioVersion = 10.0.40219.1
Project("{FAE04EC0-301F-11D3-BF4B-00C04F79EFBC}") = "OnlineShop", "OnlineShop\OnlineShop.csproj", "{411B9843-4B57-4B0B-88D4-BE4D59653C12}"
EndProject
Project("{FAE04EC0-301F-11D3-BF4B-00C04F79EFBC}") = "OnlineShop.Tests", "OnlineShop.Tests\OnlineShop.Tests.csproj", "{80E0DD00-B3C1-4687-A509-83C6411A4F4F}"
EndProject
Project("{FAE04EC0-301F-11D3-BF4B-00C04F79EFBC}") = "Models", "Models\Models.csproj", "{7214E7A4-6FF0-428F-95CA-0D25130B5E3E}"
EndProject
Global
	GlobalSection(SolutionConfigurationPlatforms) = preSolution
		Debug|Any CPU = Debug|Any CPU
		Release|Any CPU = Release|Any CPU
	EndGlobalSection
	GlobalSection(ProjectConfigurationPlatforms) = postSolution
		{411B9843-4B57-4B0B-88D4-BE4D59653C12}.Debug|Any CPU.ActiveCfg = Debug|Any CPU
		{411B9843-4B57-4B0B-88D4-BE4D59653C12}.Debug|Any CPU.Build.0 = Debug|Any CPU
		{411B9843-4B57-4B0B-88D4-BE4D59653C12}.Release|Any CPU.ActiveCfg = Release|Any CPU
		{411B9843-4B57-4B0B-88D4-BE4D59653C12}.Release|Any CPU.Build.0 = Release|Any CPU
		{80E0DD00-B3C1-4687-A509-83C6411A4F4F}.Debug|Any CPU.ActiveCfg = Debug|Any CPU
		{80E0DD00-B3C1-4687-A509-83C6411A4F4F}.Debug|Any CPU.Build.0 = Debug|Any CPU
		{80E0DD00-B3C1-4687-A509-83C6411A4F4F}.Release|Any CPU.ActiveCfg = Release|Any CPU
		{80E0DD00-B3C1-4687-A509-83C6411A4F4F}.Release|Any CPU.Build.0 = Release|Any CPU
		{7214E7A4-6FF0-428F-95CA-0D25130B5E3E}.Debug|Any CPU.ActiveCfg = Debug|Any CPU
		{7214E7A4-6FF0-428F-95CA-0D25130B5E3E}.Debug|Any CPU.Build.0 = Debug|Any CPU
		{7214E7A4-6FF0-428F-95CA-0D25130B5E3E}.Release|Any CPU.ActiveCfg = Release|Any CPU
		{7214E7A4-6FF0-428F-95CA-0D25130B5E3E}.Release|Any CPU.Build.0 = Release|Any CPU
	EndGlobalSection
	GlobalSection(SolutionProperties) = preSolution
		HideSolutionNode = FALSE
	EndGlobalSection
	GlobalSection(ExtensibilityGlobals) = postSolution
		SolutionGuid = {862CD5B9-1CCC-4CE6-8F8D-00BCD745B392}
	EndGlobalSection
EndGlobal
